// !$*UTF8*$!
{
	archiveVersion = 1;
	classes = {
	};
	objectVersion = 46;
	objects = {

/* Begin PBXBuildFile section */
		82FA1A231D10B0F200375F67 /* AppDelegate.swift in Sources */ = {isa = PBXBuildFile; fileRef = 82FA1A221D10B0F200375F67 /* AppDelegate.swift */; };
		82FA1A251D10B0F200375F67 /* ViewController.swift in Sources */ = {isa = PBXBuildFile; fileRef = 82FA1A241D10B0F200375F67 /* ViewController.swift */; };
		82FA1A281D10B0F200375F67 /* Main.storyboard in Resources */ = {isa = PBXBuildFile; fileRef = 82FA1A261D10B0F200375F67 /* Main.storyboard */; };
		82FA1A2A1D10B0F200375F67 /* Assets.xcassets in Resources */ = {isa = PBXBuildFile; fileRef = 82FA1A291D10B0F200375F67 /* Assets.xcassets */; };
		82FA1A2D1D10B0F200375F67 /* LaunchScreen.storyboard in Resources */ = {isa = PBXBuildFile; fileRef = 82FA1A2B1D10B0F200375F67 /* LaunchScreen.storyboard */; };
		82FA1A351D10B12700375F67 /* Line.swift in Sources */ = {isa = PBXBuildFile; fileRef = 82FA1A341D10B12700375F67 /* Line.swift */; };
		82FA1A371D10B21400375F67 /* DrawView.swift in Sources */ = {isa = PBXBuildFile; fileRef = 82FA1A361D10B21400375F67 /* DrawView.swift */; };
/* End PBXBuildFile section */

/* Begin PBXFileReference section */
		82FA1A1F1D10B0F200375F67 /* TouchTracker.app */ = {isa = PBXFileReference; explicitFileType = wrapper.application; includeInIndex = 0; path = TouchTracker.app; sourceTree = BUILT_PRODUCTS_DIR; };
		82FA1A221D10B0F200375F67 /* AppDelegate.swift */ = {isa = PBXFileReference; lastKnownFileType = sourcecode.swift; path = AppDelegate.swift; sourceTree = "<group>"; };
		82FA1A241D10B0F200375F67 /* ViewController.swift */ = {isa = PBXFileReference; lastKnownFileType = sourcecode.swift; path = ViewController.swift; sourceTree = "<group>"; };
		82FA1A271D10B0F200375F67 /* Base */ = {isa = PBXFileReference; lastKnownFileType = file.storyboard; name = Base; path = Base.lproj/Main.storyboard; sourceTree = "<group>"; };
		82FA1A291D10B0F200375F67 /* Assets.xcassets */ = {isa = PBXFileReference; lastKnownFileType = folder.assetcatalog; path = Assets.xcassets; sourceTree = "<group>"; };
		82FA1A2C1D10B0F200375F67 /* Base */ = {isa = PBXFileReference; lastKnownFileType = file.storyboard; name = Base; path = Base.lproj/LaunchScreen.storyboard; sourceTree = "<group>"; };
		82FA1A2E1D10B0F200375F67 /* Info.plist */ = {isa = PBXFileReference; lastKnownFileType = text.plist.xml; path = Info.plist; sourceTree = "<group>"; };
		82FA1A341D10B12700375F67 /* Line.swift */ = {isa = PBXFileReference; fileEncoding = 4; lastKnownFileType = sourcecode.swift; path = Line.swift; sourceTree = "<group>"; };
		82FA1A361D10B21400375F67 /* DrawView.swift */ = {isa = PBXFileReference; fileEncoding = 4; lastKnownFileType = sourcecode.swift; path = DrawView.swift; sourceTree = "<group>"; };
/* End PBXFileReference section */

/* Begin PBXFrameworksBuildPhase section */
		82FA1A1C1D10B0F200375F67 /* Frameworks */ = {
			isa = PBXFrameworksBuildPhase;
			buildActionMask = 2147483647;
			files = (
			);
			runOnlyForDeploymentPostprocessing = 0;
		};
/* End PBXFrameworksBuildPhase section */

/* Begin PBXGroup section */
		82FA1A161D10B0F200375F67 = {
			isa = PBXGroup;
			children = (
				82FA1A211D10B0F200375F67 /* TouchTracker */,
				82FA1A201D10B0F200375F67 /* Products */,
			);
			sourceTree = "<group>";
		};
		82FA1A201D10B0F200375F67 /* Products */ = {
			isa = PBXGroup;
			children = (
				82FA1A1F1D10B0F200375F67 /* TouchTracker.app */,
			);
			name = Products;
			sourceTree = "<group>";
		};
		82FA1A211D10B0F200375F67 /* TouchTracker */ = {
			isa = PBXGroup;
			children = (
				82FA1A221D10B0F200375F67 /* AppDelegate.swift */,
				82FA1A241D10B0F200375F67 /* ViewController.swift */,
				82FA1A261D10B0F200375F67 /* Main.storyboard */,
				82FA1A291D10B0F200375F67 /* Assets.xcassets */,
				82FA1A2B1D10B0F200375F67 /* LaunchScreen.storyboard */,
				82FA1A2E1D10B0F200375F67 /* Info.plist */,
				82FA1A341D10B12700375F67 /* Line.swift */,
				82FA1A361D10B21400375F67 /* DrawView.swift */,
			);
			path = TouchTracker;
			sourceTree = "<group>";
		};
/* End PBXGroup section */

/* Begin PBXNativeTarget section */
		82FA1A1E1D10B0F200375F67 /* TouchTracker */ = {
			isa = PBXNativeTarget;
			buildConfigurationList = 82FA1A311D10B0F200375F67 /* Build configuration list for PBXNativeTarget "TouchTracker" */;
			buildPhases = (
				82FA1A1B1D10B0F200375F67 /* Sources */,
				82FA1A1C1D10B0F200375F67 /* Frameworks */,
				82FA1A1D1D10B0F200375F67 /* Resources */,
			);
			buildRules = (
			);
			dependencies = (
			);
			name = TouchTracker;
			productName = TouchTracker;
			productReference = 82FA1A1F1D10B0F200375F67 /* TouchTracker.app */;
			productType = "com.apple.product-type.application";
		};
/* End PBXNativeTarget section */

/* Begin PBXProject section */
		82FA1A171D10B0F200375F67 /* Project object */ = {
			isa = PBXProject;
			attributes = {
				LastSwiftUpdateCheck = 0730;
				LastUpgradeCheck = 0730;
				ORGANIZATIONNAME = Guavabot;
				TargetAttributes = {
					82FA1A1E1D10B0F200375F67 = {
						CreatedOnToolsVersion = 7.3.1;
					};
				};
			};
			buildConfigurationList = 82FA1A1A1D10B0F200375F67 /* Build configuration list for PBXProject "TouchTracker" */;
			compatibilityVersion = "Xcode 3.2";
			developmentRegion = English;
			hasScannedForEncodings = 0;
			knownRegions = (
				en,
				Base,
			);
			mainGroup = 82FA1A161D10B0F200375F67;
			productRefGroup = 82FA1A201D10B0F200375F67 /* Products */;
			projectDirPath = "";
			projectRoot = "";
			targets = (
				82FA1A1E1D10B0F200375F67 /* TouchTracker */,
			);
		};
/* End PBXProject section */

/* Begin PBXResourcesBuildPhase section */
		82FA1A1D1D10B0F200375F67 /* Resources */ = {
			isa = PBXResourcesBuildPhase;
			buildActionMask = 2147483647;
			files = (
				82FA1A2D1D10B0F200375F67 /* LaunchScreen.storyboard in Resources */,
				82FA1A2A1D10B0F200375F67 /* Assets.xcassets in Resources */,
				82FA1A281D10B0F200375F67 /* Main.storyboard in Resources */,
			);
			runOnlyForDeploymentPostprocessing = 0;
		};
/* End PBXResourcesBuildPhase section */

/* Begin PBXSourcesBuildPhase section */
		82FA1A1B1D10B0F200375F67 /* Sources */ = {
			isa = PBXSourcesBuildPhase;
			buildActionMask = 2147483647;
			files = (
				82FA1A351D10B12700375F67 /* Line.swift in Sources */,
				82FA1A251D10B0F200375F67 /* ViewController.swift in Sources */,
				82FA1A371D10B21400375F67 /* DrawView.swift in Sources */,
				82FA1A231D10B0F200375F67 /* AppDelegate.swift in Sources */,
			);
			runOnlyForDeploymentPostprocessing = 0;
		};
/* End PBXSourcesBuildPhase section */

/* Begin PBXVariantGroup section */
		82FA1A261D10B0F200375F67 /* Main.storyboard */ = {
			isa = PBXVariantGroup;
			children = (
				82FA1A271D10B0F200375F67 /* Base */,
			);
			name = Main.storyboard;
			sourceTree = "<group>";
		};
		82FA1A2B1D10B0F200375F67 /* LaunchScreen.storyboard */ = {
			isa = PBXVariantGroup;
			children = (
				82FA1A2C1D10B0F200375F67 /* Base */,
			);
			name = LaunchScreen.storyboard;
			sourceTree = "<group>";
		};
/* End PBXVariantGroup section */

/* Begin XCBuildConfiguration section */
		82FA1A2F1D10B0F200375F67 /* Debug */ = {
			isa = XCBuildConfiguration;
			buildSettings = {
				ALWAYS_SEARCH_USER_PATHS = NO;
				CLANG_ANALYZER_NONNULL = YES;
				CLANG_CXX_LANGUAGE_STANDARD = "gnu++0x";
				CLANG_CXX_LIBRARY = "libc++";
				CLANG_ENABLE_MODULES = YES;
				CLANG_ENABLE_OBJC_ARC = YES;
				CLANG_WARN_BOOL_CONVERSION = YES;
				CLANG_WARN_CONSTANT_CONVERSION = YES;
				CLANG_WARN_DIRECT_OBJC_ISA_USAGE = YES_ERROR;
				CLANG_WARN_EMPTY_BODY = YES;
				CLANG_WARN_ENUM_CONVERSION = YES;
				CLANG_WARN_INT_CONVERSION = YES;
				CLANG_WARN_OBJC_ROOT_CLASS = YES_ERROR;
				CLANG_WARN_UNREACHABLE_CODE = YES;
				CLANG_WARN__DUPLICATE_METHOD_MATCH = YES;
				"CODE_SIGN_IDENTITY[sdk=iphoneos*]" = "iPhone Developer";
				COPY_PHASE_STRIP = NO;
				DEBUG_INFORMATION_FORMAT = dwarf;
				ENABLE_STRICT_OBJC_MSGSEND = YES;
				ENABLE_TESTABILITY = YES;
				GCC_C_LANGUAGE_STANDARD = gnu99;
				GCC_DYNAMIC_NO_PIC = NO;
				GCC_NO_COMMON_BLOCKS = YES;
				GCC_OPTIMIZATION_LEVEL = 0;
				GCC_PREPROCESSOR_DEFINITIONS = (
					"DEBUG=1",
					"$(inherited)",
				);
				GCC_WARN_64_TO_32_BIT_CONVERSION = YES;
				GCC_WARN_ABOUT_RETURN_TYPE = YES_ERROR;
				GCC_WARN_UNDECLARED_SELECTOR = YES;
				GCC_WARN_UNINITIALIZED_AUTOS = YES_AGGRESSIVE;
				GCC_WARN_UNUSED_FUNCTION = YES;
				GCC_WARN_UNUSED_VARIABLE = YES;
				IPHONEOS_DEPLOYMENT_TARGET = 9.3;
				MTL_ENABLE_DEBUG_INFO = YES;
				ONLY_ACTIVE_ARCH = YES;
				SDKROOT = iphoneos;
				SWIFT_OPTIMIZATION_LEVEL = "-Onone";
				TARGETED_DEVICE_FAMILY = "1,2";
			};
			name = Debug;
		};
		82FA1A301D10B0F200375F67 /* Release */ = {
			isa = XCBuildConfiguration;
			buildSettings = {
				ALWAYS_SEARCH_USER_PATHS = NO;
				CLANG_ANALYZER_NONNULL = YES;
				CLANG_CXX_LANGUAGE_STANDARD = "gnu++0x";
				CLANG_CXX_LIBRARY = "libc++";
				CLANG_ENABLE_MODULES = YES;
				CLANG_ENABLE_OBJC_ARC = YES;
				CLANG_WARN_BOOL_CONVERSION = YES;
				CLANG_WARN_CONSTANT_CONVERSION = YES;
				CLANG_WARN_DIRECT_OBJC_ISA_USAGE = YES_ERROR;
				CLANG_WARN_EMPTY_BODY = YES;
				CLANG_WARN_ENUM_CONVERSION = YES;
				CLANG_WARN_INT_CONVERSION = YES;
				CLANG_WARN_OBJC_ROOT_CLASS = YES_ERROR;
				CLANG_WARN_UNREACHABLE_CODE = YES;
				CLANG_WARN__DUPLICATE_METHOD_MATCH = YES;
				"CODE_SIGN_IDENTITY[sdk=iphoneos*]" = "iPhone Developer";
				COPY_PHASE_STRIP = NO;
				DEBUG_INFORMATION_FORMAT = "dwarf-with-dsym";
				ENABLE_NS_ASSERTIONS = NO;
				ENABLE_STRICT_OBJC_MSGSEND = YES;
				GCC_C_LANGUAGE_STANDARD = gnu99;
				GCC_NO_COMMON_BLOCKS = YES;
				GCC_WARN_64_TO_32_BIT_CONVERSION = YES;
				GCC_WARN_ABOUT_RETURN_TYPE = YES_ERROR;
				GCC_WARN_UNDECLARED_SELECTOR = YES;
				GCC_WARN_UNINITIALIZED_AUTOS = YES_AGGRESSIVE;
				GCC_WARN_UNUSED_FUNCTION = YES;
				GCC_WARN_UNUSED_VARIABLE = YES;
				IPHONEOS_DEPLOYMENT_TARGET = 9.3;
				MTL_ENABLE_DEBUG_INFO = NO;
				SDKROOT = iphoneos;
				TARGETED_DEVICE_FAMILY = "1,2";
				VALIDATE_PRODUCT = YES;
			};
			name = Release;
		};
		82FA1A321D10B0F200375F67 /* Debug */ = {
			isa = XCBuildConfiguration;
			buildSettings = {
				ASSETCATALOG_COMPILER_APPICON_NAME = AppIcon;
				INFOPLIST_FILE = TouchTracker/Info.plist;
				LD_RUNPATH_SEARCH_PATHS = "$(inherited) @executable_path/Frameworks";
				PRODUCT_BUNDLE_IDENTIFIER = com.guavabot.TouchTracker;
				PRODUCT_NAME = "$(TARGET_NAME)";
			};
			name = Debug;
		};
		82FA1A331D10B0F200375F67 /* Release */ = {
			isa = XCBuildConfiguration;
			buildSettings = {
				ASSETCATALOG_COMPILER_APPICON_NAME = AppIcon;
				INFOPLIST_FILE = TouchTracker/Info.plist;
				LD_RUNPATH_SEARCH_PATHS = "$(inherited) @executable_path/Frameworks";
				PRODUCT_BUNDLE_IDENTIFIER = com.guavabot.TouchTracker;
				PRODUCT_NAME = "$(TARGET_NAME)";
			};
			name = Release;
		};
/* End XCBuildConfiguration section */

/* Begin XCConfigurationList section */
		82FA1A1A1D10B0F200375F67 /* Build configuration list for PBXProject "TouchTracker" */ = {
			isa = XCConfigurationList;
			buildConfigurations = (
				82FA1A2F1D10B0F200375F67 /* Debug */,
				82FA1A301D10B0F200375F67 /* Release */,
			);
			defaultConfigurationIsVisible = 0;
			defaultConfigurationName = Release;
		};
		82FA1A311D10B0F200375F67 /* Build configuration list for PBXNativeTarget "TouchTracker" */ = {
			isa = XCConfigurationList;
			buildConfigurations = (
				82FA1A321D10B0F200375F67 /* Debug */,
				82FA1A331D10B0F200375F67 /* Release */,
			);
			defaultConfigurationIsVisible = 0;
		};
/* End XCConfigurationList section */
	};
	rootObject = 82FA1A171D10B0F200375F67 /* Project object */;
}
